<?xml version="1.0" encoding="utf-8"?>
<Project ToolsVersion="4.0" xmlns="http://schemas.microsoft.com/developer/msbuild/2003">
  <ItemGroup>
    <Filter Include="Source Files">
      <UniqueIdentifier>{4FC737F1-C7A5-4376-A066-2A32D752A2FF}</UniqueIdentifier>
      <Extensions>cpp;c;cc;cxx;def;odl;idl;hpj;bat;asm;asmx</Extensions>
    </Filter>
    <Filter Include="Header Files">
      <UniqueIdentifier>{93995380-89BD-4b04-88EB-625FBE52EBFB}</UniqueIdentifier>
      <Extensions>h;hh;hpp;hxx;hm;inl;inc;xsd</Extensions>
    </Filter>
    <Filter Include="Resource Files">
      <UniqueIdentifier>{67DA6AB6-F800-4c08-8B7A-83BB121AAD01}</UniqueIdentifier>
      <Extensions>rc;ico;cur;bmp;dlg;rc2;rct;bin;rgs;gif;jpg;jpeg;jpe;resx;tiff;tif;png;wav</Extensions>
    </Filter>
    <Filter Include="Source Files\DataObj">
      <UniqueIdentifier>{c4c28dcd-1bbc-4cdf-af45-77d7fa4f91ed}</UniqueIdentifier>
    </Filter>
    <Filter Include="Source Files\Func">
      <UniqueIdentifier>{a3f7626b-307f-4036-bce1-64790ce81d4b}</UniqueIdentifier>
    </Filter>
    <Filter Include="Source Files\main">
      <UniqueIdentifier>{e1d63f0a-09d3-4701-b6db-0a7be1258a76}</UniqueIdentifier>
    </Filter>
    <Filter Include="Source Files\utils">
      <UniqueIdentifier>{3623a90c-70b0-4819-ae49-7ba14659a1fa}</UniqueIdentifier>
    </Filter>
    <Filter Include="Source Files\Server">
      <UniqueIdentifier>{605b9276-b8e1-4a2f-bef2-e60ce84a3001}</UniqueIdentifier>
    </Filter>
    <Filter Include="Source Files\Client">
      <UniqueIdentifier>{44b68369-defa-47fe-9df7-8883f2c762d1}</UniqueIdentifier>
    </Filter>
  </ItemGroup>
  <ItemGroup>
    <ClCompile Include="..\source\dataobj\DataObj.cpp">
      <Filter>Source Files\DataObj</Filter>
    </ClCompile>
    <ClCompile Include="..\source\DIR_Func.cpp">
      <Filter>Source Files\Func</Filter>
    </ClCompile>
    <ClCompile Include="..\source\IAP_Func.cpp">
      <Filter>Source Files\Func</Filter>
    </ClCompile>
    <ClCompile Include="..\source\KLG_Func.cpp">
      <Filter>Source Files\Func</Filter>
    </ClCompile>
    <ClCompile Include="..\source\RPC_Func.cpp">
      <Filter>Source Files\Func</Filter>
    </ClCompile>
    <ClCompile Include="..\source\utils.cpp">
      <Filter>Source Files\utils</Filter>
    </ClCompile>
    <ClCompile Include="..\source\Server\Server.cpp">
      <Filter>Source Files\Server</Filter>
    </ClCompile>
    <ClCompile Include="..\source\Server\ServerBackend.cpp">
      <Filter>Source Files\Server</Filter>
    </ClCompile>
    <ClCompile Include="..\source\Server\stdafx.cpp">
      <Filter>Source Files\Server</Filter>
    </ClCompile>
    <ClCompile Include="..\source\Server\mainServer.cpp">
      <Filter>Source Files\Server</Filter>
    </ClCompile>
    <ClCompile Include="..\source\SCR_Func.cpp">
      <Filter>Source Files\Func</Filter>
    </ClCompile>
    <ClCompile Include="..\source\Client\stdafx.cpp">
      <Filter>Source Files\Client</Filter>
    </ClCompile>
    <ClCompile Include="..\source\Client\Client.cpp">
      <Filter>Source Files\Client</Filter>
    </ClCompile>
    <ClCompile Include="..\source\Client\mainClient.cpp">
      <Filter>Source Files\Client</Filter>
    </ClCompile>
    <ClCompile Include="..\source\mains\Trung.cpp">
      <Filter>Source Files\main</Filter>
    </ClCompile>
  </ItemGroup>
  <ItemGroup>
    <ClInclude Include="..\source\dataobj\DataObj.h">
      <Filter>Source Files\DataObj</Filter>
    </ClInclude>
    <ClInclude Include="..\source\DIR_Func.h">
      <Filter>Source Files\Func</Filter>
    </ClInclude>
    <ClInclude Include="..\source\IAP_Func.h">
      <Filter>Source Files\Func</Filter>
    </ClInclude>
    <ClInclude Include="..\source\KLG_Func.h">
      <Filter>Source Files\Func</Filter>
    </ClInclude>
    <ClInclude Include="..\source\RPC_Func.h">
      <Filter>Source Files\Func</Filter>
    </ClInclude>
    <ClInclude Include="..\source\utils.h">
      <Filter>Source Files\utils</Filter>
    </ClInclude>
    <ClInclude Include="..\source\Server\Resource.h">
      <Filter>Source Files\Server</Filter>
    </ClInclude>
    <ClInclude Include="..\source\Server\Server.h">
      <Filter>Source Files\Server</Filter>
    </ClInclude>
    <ClInclude Include="..\source\Server\ServerBackend.h">
      <Filter>Source Files\Server</Filter>
    </ClInclude>
    <ClInclude Include="..\source\Server\stdafx.h">
      <Filter>Source Files\Server</Filter>
    </ClInclude>
    <ClInclude Include="..\source\Server\targetver.h">
      <Filter>Source Files\Server</Filter>
    </ClInclude>
    <ClInclude Include="..\source\SCR_Func.h">
      <Filter>Source Files\Func</Filter>
    </ClInclude>
    <ClInclude Include="..\source\Client\Resource.h">
      <Filter>Source Files\Client</Filter>
    </ClInclude>
    <ClInclude Include="..\source\Client\stdafx.h">
      <Filter>Source Files\Client</Filter>
    </ClInclude>
    <ClInclude Include="..\source\Client\targetver.h">
      <Filter>Source Files\Client</Filter>
    </ClInclude>
    <ClInclude Include="..\source\Client\Client.h">
      <Filter>Source Files\Client</Filter>
    </ClInclude>
  </ItemGroup>
</Project>